
Microsoft Visual Studio Solution File, Format Version 12.00
# Visual Studio Version 17
VisualStudioVersion = 17.9.34714.143
MinimumVisualStudioVersion = 10.0.40219.1
Project("{9A19103F-16F7-4668-BE54-9A1E7A4F7556}") = "PoBabyNames", "PoBabyNames\PoBabyNames.csproj", "{3719CF6A-4BAB-40B4-B17C-749A58BE168B}"
EndProject
Global
	GlobalSection(SolutionConfigurationPlatforms) = preSolution
		Debug|Any CPU = Debug|Any CPU
		Release|Any CPU = Release|Any CPU
	EndGlobalSection
	GlobalSection(ProjectConfigurationPlatforms) = postSolution
		{3719CF6A-4BAB-40B4-B17C-749A58BE168B}.Debug|Any CPU.ActiveCfg = Debug|Any CPU
		{3719CF6A-4BAB-40B4-B17C-749A58BE168B}.Debug|Any CPU.Build.0 = Debug|Any CPU
		{3719CF6A-4BAB-40B4-B17C-749A58BE168B}.Release|Any CPU.ActiveCfg = Release|Any CPU
		{3719CF6A-4BAB-40B4-B17C-749A58BE168B}.Release|Any CPU.Build.0 = Release|Any CPU
	EndGlobalSection
	GlobalSection(SolutionProperties) = preSolution
		HideSolutionNode = FALSE
	EndGlobalSection
	GlobalSection(ExtensibilityGlobals) = postSolution
		SolutionGuid = {19FCAB03-FBA1-42E7-BE66-F7EED896C379}
	EndGlobalSection
EndGlobal
